
Microsoft Visual Studio Solution File, Format Version 12.00
# Visual Studio 2012
Project("{FAE04EC0-301F-11D3-BF4B-00C04F79EFBC}") = "GoalsWithFriends.Web", "GoalsWithFriends.Web\GoalsWithFriends.Web.csproj", "{69522399-750E-4BC3-B6A3-24578944DFEA}"
EndProject
Project("{FAE04EC0-301F-11D3-BF4B-00C04F79EFBC}") = "GoalsWithFriends.Core", "GoalsWithFriends.Core\GoalsWithFriends.Core.csproj", "{3F2631A0-78FA-45F3-9DDA-07A0231B88B4}"
EndProject
Global
	GlobalSection(SolutionConfigurationPlatforms) = preSolution
		Debug|Any CPU = Debug|Any CPU
		Release|Any CPU = Release|Any CPU
	EndGlobalSection
	GlobalSection(ProjectConfigurationPlatforms) = postSolution
		{69522399-750E-4BC3-B6A3-24578944DFEA}.Debug|Any CPU.ActiveCfg = Debug|Any CPU
		{69522399-750E-4BC3-B6A3-24578944DFEA}.Debug|Any CPU.Build.0 = Debug|Any CPU
		{69522399-750E-4BC3-B6A3-24578944DFEA}.Release|Any CPU.ActiveCfg = Release|Any CPU
		{69522399-750E-4BC3-B6A3-24578944DFEA}.Release|Any CPU.Build.0 = Release|Any CPU
		{3F2631A0-78FA-45F3-9DDA-07A0231B88B4}.Debug|Any CPU.ActiveCfg = Debug|Any CPU
		{3F2631A0-78FA-45F3-9DDA-07A0231B88B4}.Debug|Any CPU.Build.0 = Debug|Any CPU
		{3F2631A0-78FA-45F3-9DDA-07A0231B88B4}.Release|Any CPU.ActiveCfg = Release|Any CPU
		{3F2631A0-78FA-45F3-9DDA-07A0231B88B4}.Release|Any CPU.Build.0 = Release|Any CPU
	EndGlobalSection
	GlobalSection(SolutionProperties) = preSolution
		HideSolutionNode = FALSE
	EndGlobalSection
EndGlobal
